
Microsoft Visual Studio Solution File, Format Version 12.00
# Visual Studio Version 17
VisualStudioVersion = 17.13.35605.110 d17.13
MinimumVisualStudioVersion = 10.0.40219.1
Project("{FAE04EC0-301F-11D3-BF4B-00C04F79EFBC}") = "EventPi.SimpleAPIToPWM", "EventPi.SimpleAPIToPWM\EventPi.SimpleAPIToPWM.csproj", "{DD14D96E-48CD-4178-B206-DE2740DB1BC8}"
EndProject
Global
	GlobalSection(SolutionConfigurationPlatforms) = preSolution
		Debug|Any CPU = Debug|Any CPU
		Release|Any CPU = Release|Any CPU
	EndGlobalSection
	GlobalSection(ProjectConfigurationPlatforms) = postSolution
		{DD14D96E-48CD-4178-B206-DE2740DB1BC8}.Debug|Any CPU.ActiveCfg = Debug|Any CPU
		{DD14D96E-48CD-4178-B206-DE2740DB1BC8}.Debug|Any CPU.Build.0 = Debug|Any CPU
		{DD14D96E-48CD-4178-B206-DE2740DB1BC8}.Release|Any CPU.ActiveCfg = Release|Any CPU
		{DD14D96E-48CD-4178-B206-DE2740DB1BC8}.Release|Any CPU.Build.0 = Release|Any CPU
	EndGlobalSection
	GlobalSection(SolutionProperties) = preSolution
		HideSolutionNode = FALSE
	EndGlobalSection
	GlobalSection(ExtensibilityGlobals) = postSolution
		SolutionGuid = {CAB5B666-974F-4CA5-B69C-552A315B15FA}
	EndGlobalSection
EndGlobal
