
Microsoft Visual Studio Solution File, Format Version 12.00
# Visual Studio Version 17
VisualStudioVersion = 17.10.34607.79
MinimumVisualStudioVersion = 10.0.40219.1
Project("{9A19103F-16F7-4668-BE54-9A1E7A4F7556}") = "EventPi.Advertiser", "EventPi.Advertiser\EventPi.Advertiser.csproj", "{10B9D4CC-44C6-43EE-AF73-DA9D7F6847E3}"
EndProject
Project("{2150E333-8FDC-42A3-9474-1A3956D46DE8}") = "Solution Items", "Solution Items", "{3748D905-FFA5-4AD8-9BC5-A00AE48355D6}"
	ProjectSection(SolutionItems) = preProject
		..\cake.ps1 = ..\cake.ps1
		docker-compose.override.yml = docker-compose.override.yml
		docker-compose.yml = docker-compose.yml
	EndProjectSection
EndProject
Project("{9A19103F-16F7-4668-BE54-9A1E7A4F7556}") = "EventPi.Events.MachineWork", "EventPi.Events.MachineWork\EventPi.Events.MachineWork.csproj", "{7948B2D8-A312-4B38-AC24-EF10E2E70B3C}"
EndProject
Project("{9A19103F-16F7-4668-BE54-9A1E7A4F7556}") = "EventPi.Services.MachineWorkTime", "EventPi.Services.MachineWorkTime\EventPi.Services.MachineWorkTime.csproj", "{935964D1-E8E8-4E6F-A7BA-7CAA565BD557}"
EndProject
Project("{9A19103F-16F7-4668-BE54-9A1E7A4F7556}") = "EventPi.Abstractions", "EventPi.Abstractions\EventPi.Abstractions.csproj", "{9A9258CD-E04D-48D6-B058-C70D73176B41}"
EndProject
Project("{9A19103F-16F7-4668-BE54-9A1E7A4F7556}") = "EventPi.EventStore", "EventPi.EventStore\EventPi.EventStore.csproj", "{7FCD6EA4-4D07-46E0-8E3F-25AC639D5DE2}"
EndProject
Project("{9A19103F-16F7-4668-BE54-9A1E7A4F7556}") = "EventPi.Services.MachineWorkTime.Tests", "EventPi.Services.MachineWorkTime.Tests\EventPi.Services.MachineWorkTime.Tests.csproj", "{602C8DFC-1F96-46D5-A923-0164806E1124}"
EndProject
Project("{9A19103F-16F7-4668-BE54-9A1E7A4F7556}") = "EventPi.Services.Camera", "EventPi.Services.Camera\EventPi.Services.Camera.csproj", "{5E112533-4D42-4897-A903-1DE438C62410}"
EndProject
Project("{2150E333-8FDC-42A3-9474-1A3956D46DE8}") = "Camera", "Camera", "{F76A2191-D2E0-49CF-9087-960A68EA4BEA}"
EndProject
Project("{9A19103F-16F7-4668-BE54-9A1E7A4F7556}") = "EventPi.Services.Camera.Tests", "EventPi.Services.Camera.Tests\EventPi.Services.Camera.Tests.csproj", "{9F6DE635-13F0-4887-B656-26E6C44CA902}"
EndProject
Project("{9A19103F-16F7-4668-BE54-9A1E7A4F7556}") = "EventPi.Advertiser.Tests", "EventPi.Advertiser.Tests\EventPi.Advertiser.Tests.csproj", "{50F0B619-24E4-47E8-BA3C-A6110CB957EF}"
EndProject
Project("{9A19103F-16F7-4668-BE54-9A1E7A4F7556}") = "EventPi.Services.Camera.Ui", "EventPi.Services.Camera.Ui\EventPi.Services.Camera.Ui.csproj", "{77F4EE15-90DC-4B42-974C-E60F8371DB98}"
EndProject
Project("{9A19103F-16F7-4668-BE54-9A1E7A4F7556}") = "EventPi.Services.Camera.Contract", "EventPi.Services.Camera.Contract\EventPi.Services.Camera.Contract.csproj", "{B5FAD994-EF0B-46CB-979D-D7991AAA0C9A}"
EndProject
Project("{9A19103F-16F7-4668-BE54-9A1E7A4F7556}") = "EventPi.Services.Camera.Cli", "EventPi.Services.Camera.Cli\EventPi.Services.Camera.Cli.csproj", "{B7732215-8792-4CB8-BBFA-B12FF7350050}"
EndProject
Project("{9A19103F-16F7-4668-BE54-9A1E7A4F7556}") = "EventPi.Advertiser.Cli", "EventPi.Advertiser.Cli\EventPi.Advertiser.Cli.csproj", "{D8946E41-415B-4BD5-B7BD-DC06054011E8}"
EndProject
Project("{9A19103F-16F7-4668-BE54-9A1E7A4F7556}") = "EventPi.AutoUpdate", "EventPi.AutoUpdate\EventPi.AutoUpdate.csproj", "{58671DE8-73C1-43AA-8727-F6A836586983}"
EndProject
Project("{9A19103F-16F7-4668-BE54-9A1E7A4F7556}") = "EventPi.AutoUpdater.Host", "EventPi.AutoUpdater.Host\EventPi.AutoUpdater.Host.csproj", "{1A2D6C5D-5A08-43DA-820C-C7F21086CF3D}"
EndProject
Project("{9A19103F-16F7-4668-BE54-9A1E7A4F7556}") = "EventPi.Pid", "EventPi.Pid\EventPi.Pid.csproj", "{CA093F5C-59C5-4FDC-847E-F91ACB5C730A}"
EndProject
Project("{FAE04EC0-301F-11D3-BF4B-00C04F79EFBC}") = "EventPi.NetworkMonitor", "EventPi.NetworkMonitor\EventPi.NetworkMonitor.csproj", "{987157B4-DC0B-18CB-6A50-EDEC8CDFA7E3}"
EndProject
Global
	GlobalSection(SolutionConfigurationPlatforms) = preSolution
		Debug|Any CPU = Debug|Any CPU
		Release|Any CPU = Release|Any CPU
	EndGlobalSection
	GlobalSection(ProjectConfigurationPlatforms) = postSolution
		{10B9D4CC-44C6-43EE-AF73-DA9D7F6847E3}.Debug|Any CPU.ActiveCfg = Debug|Any CPU
		{10B9D4CC-44C6-43EE-AF73-DA9D7F6847E3}.Debug|Any CPU.Build.0 = Debug|Any CPU
		{10B9D4CC-44C6-43EE-AF73-DA9D7F6847E3}.Release|Any CPU.ActiveCfg = Release|Any CPU
		{10B9D4CC-44C6-43EE-AF73-DA9D7F6847E3}.Release|Any CPU.Build.0 = Release|Any CPU
		{7948B2D8-A312-4B38-AC24-EF10E2E70B3C}.Debug|Any CPU.ActiveCfg = Debug|Any CPU
		{7948B2D8-A312-4B38-AC24-EF10E2E70B3C}.Debug|Any CPU.Build.0 = Debug|Any CPU
		{7948B2D8-A312-4B38-AC24-EF10E2E70B3C}.Release|Any CPU.ActiveCfg = Release|Any CPU
		{7948B2D8-A312-4B38-AC24-EF10E2E70B3C}.Release|Any CPU.Build.0 = Release|Any CPU
		{935964D1-E8E8-4E6F-A7BA-7CAA565BD557}.Debug|Any CPU.ActiveCfg = Debug|Any CPU
		{935964D1-E8E8-4E6F-A7BA-7CAA565BD557}.Debug|Any CPU.Build.0 = Debug|Any CPU
		{935964D1-E8E8-4E6F-A7BA-7CAA565BD557}.Release|Any CPU.ActiveCfg = Release|Any CPU
		{935964D1-E8E8-4E6F-A7BA-7CAA565BD557}.Release|Any CPU.Build.0 = Release|Any CPU
		{9A9258CD-E04D-48D6-B058-C70D73176B41}.Debug|Any CPU.ActiveCfg = Debug|Any CPU
		{9A9258CD-E04D-48D6-B058-C70D73176B41}.Debug|Any CPU.Build.0 = Debug|Any CPU
		{9A9258CD-E04D-48D6-B058-C70D73176B41}.Release|Any CPU.ActiveCfg = Release|Any CPU
		{9A9258CD-E04D-48D6-B058-C70D73176B41}.Release|Any CPU.Build.0 = Release|Any CPU
		{7FCD6EA4-4D07-46E0-8E3F-25AC639D5DE2}.Debug|Any CPU.ActiveCfg = Debug|Any CPU
		{7FCD6EA4-4D07-46E0-8E3F-25AC639D5DE2}.Debug|Any CPU.Build.0 = Debug|Any CPU
		{7FCD6EA4-4D07-46E0-8E3F-25AC639D5DE2}.Release|Any CPU.ActiveCfg = Release|Any CPU
		{7FCD6EA4-4D07-46E0-8E3F-25AC639D5DE2}.Release|Any CPU.Build.0 = Release|Any CPU
		{602C8DFC-1F96-46D5-A923-0164806E1124}.Debug|Any CPU.ActiveCfg = Debug|Any CPU
		{602C8DFC-1F96-46D5-A923-0164806E1124}.Debug|Any CPU.Build.0 = Debug|Any CPU
		{602C8DFC-1F96-46D5-A923-0164806E1124}.Release|Any CPU.ActiveCfg = Release|Any CPU
		{602C8DFC-1F96-46D5-A923-0164806E1124}.Release|Any CPU.Build.0 = Release|Any CPU
		{5E112533-4D42-4897-A903-1DE438C62410}.Debug|Any CPU.ActiveCfg = Debug|Any CPU
		{5E112533-4D42-4897-A903-1DE438C62410}.Debug|Any CPU.Build.0 = Debug|Any CPU
		{5E112533-4D42-4897-A903-1DE438C62410}.Release|Any CPU.ActiveCfg = Release|Any CPU
		{5E112533-4D42-4897-A903-1DE438C62410}.Release|Any CPU.Build.0 = Release|Any CPU
		{9F6DE635-13F0-4887-B656-26E6C44CA902}.Debug|Any CPU.ActiveCfg = Debug|Any CPU
		{9F6DE635-13F0-4887-B656-26E6C44CA902}.Debug|Any CPU.Build.0 = Debug|Any CPU
		{9F6DE635-13F0-4887-B656-26E6C44CA902}.Release|Any CPU.ActiveCfg = Release|Any CPU
		{9F6DE635-13F0-4887-B656-26E6C44CA902}.Release|Any CPU.Build.0 = Release|Any CPU
		{50F0B619-24E4-47E8-BA3C-A6110CB957EF}.Debug|Any CPU.ActiveCfg = Debug|Any CPU
		{50F0B619-24E4-47E8-BA3C-A6110CB957EF}.Debug|Any CPU.Build.0 = Debug|Any CPU
		{50F0B619-24E4-47E8-BA3C-A6110CB957EF}.Release|Any CPU.ActiveCfg = Release|Any CPU
		{50F0B619-24E4-47E8-BA3C-A6110CB957EF}.Release|Any CPU.Build.0 = Release|Any CPU
		{77F4EE15-90DC-4B42-974C-E60F8371DB98}.Debug|Any CPU.ActiveCfg = Debug|Any CPU
		{77F4EE15-90DC-4B42-974C-E60F8371DB98}.Debug|Any CPU.Build.0 = Debug|Any CPU
		{77F4EE15-90DC-4B42-974C-E60F8371DB98}.Release|Any CPU.ActiveCfg = Release|Any CPU
		{77F4EE15-90DC-4B42-974C-E60F8371DB98}.Release|Any CPU.Build.0 = Release|Any CPU
		{B5FAD994-EF0B-46CB-979D-D7991AAA0C9A}.Debug|Any CPU.ActiveCfg = Debug|Any CPU
		{B5FAD994-EF0B-46CB-979D-D7991AAA0C9A}.Debug|Any CPU.Build.0 = Debug|Any CPU
		{B5FAD994-EF0B-46CB-979D-D7991AAA0C9A}.Release|Any CPU.ActiveCfg = Release|Any CPU
		{B5FAD994-EF0B-46CB-979D-D7991AAA0C9A}.Release|Any CPU.Build.0 = Release|Any CPU
		{B7732215-8792-4CB8-BBFA-B12FF7350050}.Debug|Any CPU.ActiveCfg = Debug|Any CPU
		{B7732215-8792-4CB8-BBFA-B12FF7350050}.Debug|Any CPU.Build.0 = Debug|Any CPU
		{B7732215-8792-4CB8-BBFA-B12FF7350050}.Release|Any CPU.ActiveCfg = Release|Any CPU
		{B7732215-8792-4CB8-BBFA-B12FF7350050}.Release|Any CPU.Build.0 = Release|Any CPU
		{D8946E41-415B-4BD5-B7BD-DC06054011E8}.Debug|Any CPU.ActiveCfg = Debug|Any CPU
		{D8946E41-415B-4BD5-B7BD-DC06054011E8}.Debug|Any CPU.Build.0 = Debug|Any CPU
		{D8946E41-415B-4BD5-B7BD-DC06054011E8}.Release|Any CPU.ActiveCfg = Release|Any CPU
		{D8946E41-415B-4BD5-B7BD-DC06054011E8}.Release|Any CPU.Build.0 = Release|Any CPU
		{58671DE8-73C1-43AA-8727-F6A836586983}.Debug|Any CPU.ActiveCfg = Debug|Any CPU
		{58671DE8-73C1-43AA-8727-F6A836586983}.Debug|Any CPU.Build.0 = Debug|Any CPU
		{58671DE8-73C1-43AA-8727-F6A836586983}.Release|Any CPU.ActiveCfg = Release|Any CPU
		{58671DE8-73C1-43AA-8727-F6A836586983}.Release|Any CPU.Build.0 = Release|Any CPU
		{1A2D6C5D-5A08-43DA-820C-C7F21086CF3D}.Debug|Any CPU.ActiveCfg = Debug|Any CPU
		{1A2D6C5D-5A08-43DA-820C-C7F21086CF3D}.Debug|Any CPU.Build.0 = Debug|Any CPU
		{1A2D6C5D-5A08-43DA-820C-C7F21086CF3D}.Release|Any CPU.ActiveCfg = Release|Any CPU
		{1A2D6C5D-5A08-43DA-820C-C7F21086CF3D}.Release|Any CPU.Build.0 = Release|Any CPU
		{CA093F5C-59C5-4FDC-847E-F91ACB5C730A}.Debug|Any CPU.ActiveCfg = Debug|Any CPU
		{CA093F5C-59C5-4FDC-847E-F91ACB5C730A}.Debug|Any CPU.Build.0 = Debug|Any CPU
		{CA093F5C-59C5-4FDC-847E-F91ACB5C730A}.Release|Any CPU.ActiveCfg = Release|Any CPU
		{CA093F5C-59C5-4FDC-847E-F91ACB5C730A}.Release|Any CPU.Build.0 = Release|Any CPU
		{987157B4-DC0B-18CB-6A50-EDEC8CDFA7E3}.Debug|Any CPU.ActiveCfg = Debug|Any CPU
		{987157B4-DC0B-18CB-6A50-EDEC8CDFA7E3}.Debug|Any CPU.Build.0 = Debug|Any CPU
		{987157B4-DC0B-18CB-6A50-EDEC8CDFA7E3}.Release|Any CPU.ActiveCfg = Release|Any CPU
		{987157B4-DC0B-18CB-6A50-EDEC8CDFA7E3}.Release|Any CPU.Build.0 = Release|Any CPU
	EndGlobalSection
	GlobalSection(SolutionProperties) = preSolution
		HideSolutionNode = FALSE
	EndGlobalSection
	GlobalSection(NestedProjects) = preSolution
		{5E112533-4D42-4897-A903-1DE438C62410} = {F76A2191-D2E0-49CF-9087-960A68EA4BEA}
		{9F6DE635-13F0-4887-B656-26E6C44CA902} = {F76A2191-D2E0-49CF-9087-960A68EA4BEA}
		{77F4EE15-90DC-4B42-974C-E60F8371DB98} = {F76A2191-D2E0-49CF-9087-960A68EA4BEA}
		{B5FAD994-EF0B-46CB-979D-D7991AAA0C9A} = {F76A2191-D2E0-49CF-9087-960A68EA4BEA}
		{B7732215-8792-4CB8-BBFA-B12FF7350050} = {F76A2191-D2E0-49CF-9087-960A68EA4BEA}
	EndGlobalSection
	GlobalSection(ExtensibilityGlobals) = postSolution
		SolutionGuid = {FF86CE7B-BF0F-45AA-8BD3-B872ABC48B26}
	EndGlobalSection
EndGlobal
